{
  "lockfileVersion": 1,
  "configVersion": 1,
  "workspaces": {
    "": {
      "name": "browser-auto",
      "dependencies": {
        "hono": "^4.13.5",
        "pino": "^10.3.1",
        "playwright": "^1.62.1",
        "yaml": "^2.9.0",
        "zod": "^4.5.4",
      },
      "devDependencies": {
        "@tailwindcss/cli": "^4.3.3",
        "@types/bun": "^1.4.0",
        "@types/react": "^19.2.18",
        "@types/react-dom": "^19.2.5",
        "oxfmt": "^0.66.0",
        "oxlint": "^1.81.0",
        "react": "^19.2.8",
        "react-dom": "^19.2.8",
        "tailwindcss": "^4.3.3",
      },
      "peerDependencies": {
        "typescript": "^6.0.3",
      },
    },
  },
  "packages": {
    "@jridgewell/gen-mapping": ["@jridgewell/gen-mapping@0.3.13", "", { "dependencies": { "@jridgewell/sourcemap-codec": "^1.5.0", "@jridgewell/trace-mapping": "^0.3.24" } }, "sha512-2kkt/7niJ6MgEPxF0bYdQ6etZaA+fQvDcLKckhy1yIQOzaoKjBBjSj63/aLVjYE3qhRt5dvM+uUyfCg6UKCBbA=="],

    "@jridgewell/remapping": ["@jridgewell/remapping@2.3.5", "", { "dependencies": { "@jridgewell/gen-mapping": "^0.3.5", "@jridgewell/trace-mapping": "^0.3.24" } }, "sha512-LI9u/+laYG4Ds1TDKSJW2YPrIlcVYOwi2fUC6xB43lueCjgxV4lffOCZCtYFiH6TNOX+tQKXx97T4IKHbhyHEQ=="],

    "@jridgewell/resolve-uri": ["@jridgewell/resolve-uri@3.1.2", "", {}, "sha512-bRISgCIjP20/tbWSPWMEi54QVPRZExkuD9lJL+UIxUKtwVJA8wW1Trb1jMs1RFXo1CBTNZ/5hpC9QvmKWdopKw=="],

    "@jridgewell/sourcemap-codec": ["@jridgewell/sourcemap-codec@1.5.5", "", {}, "sha512-cYQ9310grqxueWbl+WuIUIaiUaDcj7WOq5fVhEljNVgRfOUhY9fy2zTvfoqWsnebh8Sl70VScFbICvJnLKB0Og=="],

    "@jridgewell/trace-mapping": ["@jridgewell/trace-mapping@0.3.31", "", { "dependencies": { "@jridgewell/resolve-uri": "^3.1.0", "@jridgewell/sourcemap-codec": "^1.4.14" } }, "sha512-zzNR+SdQSDJzc8joaeP8QQoCQr8NuYx2dIIytl1QeBEZHJ9uW6hebsrYgbz8hJwUQao3TWCMtmfV8Nu1twOLAw=="],

    "@oxfmt/binding-android-arm-eabi": ["@oxfmt/binding-android-arm-eabi@0.66.0", "", { "os": "android", "cpu": "arm" }, "sha512-2Me9eoptv6ERdEuI2P8AOlYdHHraXebJaM6SC0kc2Dfb+mLrep2db+fedBPKaYn673h/vBgvP4tkOdAbaudX6w=="],

    "@oxfmt/binding-android-arm64": ["@oxfmt/binding-android-arm64@0.66.0", "", { "os": "android", "cpu": "arm64" }, "sha512-u7O+bSSF0HGsDKkQQxBqvLGVepu93RA+JKu+ONqvfh4sCnCEbj31wZj4iG5gk3XfRwrmYj0/8catkO2LcblQKQ=="],

    "@oxfmt/binding-darwin-arm64": ["@oxfmt/binding-darwin-arm64@0.66.0", "", { "os": "darwin", "cpu": "arm64" }, "sha512-/ikyMIVjX/sdo7KtjxoEsSUosfPzveVhT9RWMx9yGqFDKFJ89JAEKuEeLBmurDjrkb4w8tOnAdSO3SBaplY3bw=="],

    "@oxfmt/binding-darwin-x64": ["@oxfmt/binding-darwin-x64@0.66.0", "", { "os": "darwin", "cpu": "x64" }, "sha512-q5xUsKeFqawa9NXa6ZGXWimFV19m8MogKPdTaSVDAAk2EQKBmBZRDeluwcl1p8ty/OFc9s9888OKEh3xfPVH0g=="],

    "@oxfmt/binding-freebsd-x64": ["@oxfmt/binding-freebsd-x64@0.66.0", "", { "os": "freebsd", "cpu": "x64" }, "sha512-CR+x4VzMY0pRXLK/xFQ/RzsSFkP5t2Z2mef0QY6OP/rTRcMUoMLCOM62/3Fp/t0K+UDoBKxvMyeb6D0zPMjleA=="],

    "@oxfmt/binding-linux-arm-gnueabihf": ["@oxfmt/binding-linux-arm-gnueabihf@0.66.0", "", { "os": "linux", "cpu": "arm" }, "sha512-ZEYmO/LbH9tTQCADILHGZE4GeOXOAj2VzedHkASNwjmwlwtutJCLpCJbIs37wRGTFgWRoEcD72jpMX+IBJUGjQ=="],

    "@oxfmt/binding-linux-arm-musleabihf": ["@oxfmt/binding-linux-arm-musleabihf@0.66.0", "", { "os": "linux", "cpu": "arm" }, "sha512-hNtR9/oU0CeTkq7JnRkmBQwqe17v2ZaAMLC4VcN7IIOWeRyWDk0knSPWS9iiLmtbZ2RRBBtsG01jQgkZmKCJeQ=="],

    "@oxfmt/binding-linux-arm64-gnu": ["@oxfmt/binding-linux-arm64-gnu@0.66.0", "", { "os": "linux", "cpu": "arm64" }, "sha512-uwOVQ8i6I1LT/+eDzfsgrrcZp8Fn6NPVUPn8fF5gdFGekFf0PddF+LEuwsD0/pbNUcKZhDj2rQ5UpITh9gF4iQ=="],

    "@oxfmt/binding-linux-arm64-musl": ["@oxfmt/binding-linux-arm64-musl@0.66.0", "", { "os": "linux", "cpu": "arm64" }, "sha512-tTkF2Dmx4nGAjmBlZb+UtTGqR/EK4ZrW9qBfzte07a9XWqzoGGKzpFFlyNDhQe+Uwql94+ReCTeNbhOXscw1Dg=="],

    "@oxfmt/binding-linux-ppc64-gnu": ["@oxfmt/binding-linux-ppc64-gnu@0.66.0", "", { "os": "linux", "cpu": "ppc64" }, "sha512-F3cKHUav4yXOHn6GFnwpBhSYsJOYKKf9eqO/9jlEuqPxNw9zb98E9ZFct79gcg8pibUGkbveEu9WDlmXJpDzKw=="],

    "@oxfmt/binding-linux-riscv64-gnu": ["@oxfmt/binding-linux-riscv64-gnu@0.66.0", "", { "os": "linux", "cpu": "none" }, "sha512-K5fDaNZfDyQMYA/3qL21bqyN0X9T15LLwwbFPt2aHc94+ZG7bh0vZEsy2y7NlRnjjHFSwN+Hzg6ldJtbOriH4Q=="],

    "@oxfmt/binding-linux-riscv64-musl": ["@oxfmt/binding-linux-riscv64-musl@0.66.0", "", { "os": "linux", "cpu": "none" }, "sha512-44Yc+I+qOmTElRcEhm5hUKIUJEQIOugymz4ua4tB0Wox7tGAfIbjzmXz/HDAtw1Ij6gmBwZlzh4hc9679RhWeA=="],

    "@oxfmt/binding-linux-s390x-gnu": ["@oxfmt/binding-linux-s390x-gnu@0.66.0", "", { "os": "linux", "cpu": "s390x" }, "sha512-1e29Eg9hEj2kRBB19M0seIehPbbXHCk35GvImjDvb79rjjYjXCRmtbUNHJcgoktZAMIzXrTbxDBKmTc1V4bg3A=="],

    "@oxfmt/binding-linux-x64-gnu": ["@oxfmt/binding-linux-x64-gnu@0.66.0", "", { "os": "linux", "cpu": "x64" }, "sha512-vODY1UQo10gngn0+D4xHKU84F1Twm1LqrzV4SqPXvmQKSd87paehvZ6jqA5wKs6XQrlWul9clYMDVHcoW9CPMA=="],

    "@oxfmt/binding-linux-x64-musl": ["@oxfmt/binding-linux-x64-musl@0.66.0", "", { "os": "linux", "cpu": "x64" }, "sha512-YDzXx2JsT4+HL4MdkVrYjO55NS5lUKNm8rLC4ZPou8+seu0v0jhecSh+ufoO6+xEa8gccEezMlI2WHJi4ApUgw=="],

    "@oxfmt/binding-openharmony-arm64": ["@oxfmt/binding-openharmony-arm64@0.66.0", "", { "os": "none", "cpu": "arm64" }, "sha512-mJjUYd8lj0+j4JkYyEM+5qKBf1Rnrpgjn/SVYKJhicVDqLz566ooa7Fs8zflPqt+dnZDV7X054rVIQX6ZcQNlQ=="],

    "@oxfmt/binding-win32-arm64-msvc": ["@oxfmt/binding-win32-arm64-msvc@0.66.0", "", { "os": "win32", "cpu": "arm64" }, "sha512-soV+0vESv7e5ntCHWC61x4gg8OSak6IHHnWsZmHrJFlvMj2AK+kmldErCNkVkrvc1Ts2/++rJXn+IuAb2WMXhw=="],

    "@oxfmt/binding-win32-ia32-msvc": ["@oxfmt/binding-win32-ia32-msvc@0.66.0", "", { "os": "win32", "cpu": "ia32" }, "sha512-YCPi23uRIEYuIKTZohAkKbPFpujQ5QBuUM5iDv+UqbCmTPAkaFsxjsSuB8xlBpRT0G7eP/4HMF+cPDSqHtOD9A=="],

    "@oxfmt/binding-win32-x64-msvc": ["@oxfmt/binding-win32-x64-msvc@0.66.0", "", { "os": "win32", "cpu": "x64" }, "sha512-bwTQcv/JVRPkOqQtMF0X7vpvpncDQiBcXHxZ9S2hR12Hlo8bvBdUR5x5XnxzDZ3kM0qoZw1rv7KaD66Ly+pFWA=="],

    "@oxlint/binding-android-arm-eabi": ["@oxlint/binding-android-arm-eabi@1.81.0", "", { "os": "android", "cpu": "arm" }, "sha512-IcCRsXiedJoJopY6mpZUBEeVFsUrutmrG7dZ87zMuKJlhg70Ora9bBl1WcCxZQtyI10YpnVdEso5oCg7YcfSHw=="],

    "@oxlint/binding-android-arm64": ["@oxlint/binding-android-arm64@1.81.0", "", { "os": "android", "cpu": "arm64" }, "sha512-GRrIPyTGVhx3L3h+0T5xT2A0jFAcdPv4+IfuXpGDLIdl6XeYhgg/zw72A5ILZoUgRqZuM8F1y+V/gfDriXSxzQ=="],

    "@oxlint/binding-darwin-arm64": ["@oxlint/binding-darwin-arm64@1.81.0", "", { "os": "darwin", "cpu": "arm64" }, "sha512-qNQ9tXRgLuKbqSV1S2h9h4KPHjbovO7RRR2/enUOtHzTkFZ7B9X5zqqHJua8dRyc7dBy7Aoyq5pqTSLFVcAzGQ=="],

    "@oxlint/binding-darwin-x64": ["@oxlint/binding-darwin-x64@1.81.0", "", { "os": "darwin", "cpu": "x64" }, "sha512-q0QTm32jWga2Gv4j7IaVZN0jYMi9UV73sWVgFtDA4iIfqwMCLLZ3ve+9KwfYtsaKZSgQhmPaogeZWqDZpcY1Pw=="],

    "@oxlint/binding-freebsd-x64": ["@oxlint/binding-freebsd-x64@1.81.0", "", { "os": "freebsd", "cpu": "x64" }, "sha512-/+8wVWDXEC7wHVAhOc59Fw/SkMc1arLkFD8iQCaSsmzenK1X4doFqquL9H1wrtGUzaiycVqkf/sSpcILK6W1UA=="],

    "@oxlint/binding-linux-arm-gnueabihf": ["@oxlint/binding-linux-arm-gnueabihf@1.81.0", "", { "os": "linux", "cpu": "arm" }, "sha512-4xt422FEgioRq9hAL4Tq7fujGUWnc8z1BJ+Oi8RN8vB8axaP+sdK6a2xdlcQCCYnJg9QMuMFS0AucuIFx/EacA=="],

    "@oxlint/binding-linux-arm-musleabihf": ["@oxlint/binding-linux-arm-musleabihf@1.81.0", "", { "os": "linux", "cpu": "arm" }, "sha512-u3vna8KdGplH4DRCW9K54D68fcMo7IxVrkCJWwXnIhwtBdnDnYrmzOUA/XjmBlPpcLsgw9Z5BNdY4za9+Dj+MQ=="],

    "@oxlint/binding-linux-arm64-gnu": ["@oxlint/binding-linux-arm64-gnu@1.81.0", "", { "os": "linux", "cpu": "arm64" }, "sha512-3j9k+gsYsE7nv71GWotXsqsa2l9/aJenD7dVHNt/CBvsb0SgRjSMnHFeP59IXUAl1wvVFhqGl2wJNMwWU3UBlA=="],

    "@oxlint/binding-linux-arm64-musl": ["@oxlint/binding-linux-arm64-musl@1.81.0", "", { "os": "linux", "cpu": "arm64" }, "sha512-k5iAp3dNxW0/uDCBY+WSm8jKB2szu7SkEQZdgRRpDXvuDd69vvDcqhB3A/pWCfCwXyenjNjFn9Td1fVoyAc+Yg=="],

    "@oxlint/binding-linux-ppc64-gnu": ["@oxlint/binding-linux-ppc64-gnu@1.81.0", "", { "os": "linux", "cpu": "ppc64" }, "sha512-TFqLja3uYmVSte6nof9GWrex9Z8WgdZrNiLC6Te5rXGDqXB2y4j/26iFhwosXiAFqDhE9JJVuuCkDKLwptTn1g=="],

    "@oxlint/binding-linux-riscv64-gnu": ["@oxlint/binding-linux-riscv64-gnu@1.81.0", "", { "os": "linux", "cpu": "none" }, "sha512-UEcySvGS0NOVo7h7n7CYyJL9+6gFAh7Zc/ToDXVScFvzHSTIxtzkMVU30rmQ6+nQ1LF+UdiRDdJajpDu+OylLg=="],

    "@oxlint/binding-linux-riscv64-musl": ["@oxlint/binding-linux-riscv64-musl@1.81.0", "", { "os": "linux", "cpu": "none" }, "sha512-H+diDbhD00+wI1IRP8Kz88x/lat+DgtoBJzoTthS16xkTJGNaEkfb8gzmd1rzc/2uDQQMl7GNl+JFUacVeWxIA=="],

    "@oxlint/binding-linux-s390x-gnu": ["@oxlint/binding-linux-s390x-gnu@1.81.0", "", { "os": "linux", "cpu": "s390x" }, "sha512-8znJ/5TekjOKg1j1Acho4PJMdiAHLtlcXuWEiipOhAMV6rQcXdmDdXCbheyDczN6TjBwiNfjcP81k4AthrKRzw=="],

    "@oxlint/binding-linux-x64-gnu": ["@oxlint/binding-linux-x64-gnu@1.81.0", "", { "os": "linux", "cpu": "x64" }, "sha512-Q2Wj70yFsvn5QjlmifFzbj4H+kJy53bwqc41o1fzoM7MpLV1NIbhg/LpWXRfC6KOkSAdUx1Wd8VJsdPmhp/HRA=="],

    "@oxlint/binding-linux-x64-musl": ["@oxlint/binding-linux-x64-musl@1.81.0", "", { "os": "linux", "cpu": "x64" }, "sha512-cPInHp/ddEe5qkyK2IiyQ8Q3Mp2oLLEhhsGgTK2oZx4L6+llGam1H1yBvJZ7qHfOXj8N3hxBS8sj4tO+gtFlIg=="],

    "@oxlint/binding-openharmony-arm64": ["@oxlint/binding-openharmony-arm64@1.81.0", "", { "os": "none", "cpu": "arm64" }, "sha512-0CQxSX4ajqm07AHBf5U33qQzXKdd7wtq/oTL/7vpY6RNNuxrRi8W4bqUV1Jyu/vj+9KmxQyDhxfeVX1nQL6kfg=="],

    "@oxlint/binding-win32-arm64-msvc": ["@oxlint/binding-win32-arm64-msvc@1.81.0", "", { "os": "win32", "cpu": "arm64" }, "sha512-l0hbeISm9673hVrrQU8j/p2M7YH9Ouoj7p7E/QM55NTrKVLP+P3PF8hLu+OY+x0VtGRW+ggiQKZqmdYps9H+TA=="],

    "@oxlint/binding-win32-ia32-msvc": ["@oxlint/binding-win32-ia32-msvc@1.81.0", "", { "os": "win32", "cpu": "ia32" }, "sha512-ksqPP5jbFXcYreEQ7zdJh06rJQBymCTyGRCdaXjfcf2aG4f8KxUWY5wcgYHmaTK+FJ4bPG5sUAdOX+6trnH1JA=="],

    "@oxlint/binding-win32-x64-msvc": ["@oxlint/binding-win32-x64-msvc@1.81.0", "", { "os": "win32", "cpu": "x64" }, "sha512-IZuUCwGw9emG5JtCp+fYGB+Z4OWEoeEcM8R5BA1pYw63/ieYFVdcU2ylxTpHbVHSenZnsYE+ZZ20uHAJszQ4cA=="],

    "@parcel/watcher": ["@parcel/watcher@2.5.1", "", { "dependencies": { "detect-libc": "^1.0.3", "is-glob": "^4.0.3", "micromatch": "^4.0.5", "node-addon-api": "^7.0.0" }, "optionalDependencies": { "@parcel/watcher-android-arm64": "2.5.1", "@parcel/watcher-darwin-arm64": "2.5.1", "@parcel/watcher-darwin-x64": "2.5.1", "@parcel/watcher-freebsd-x64": "2.5.1", "@parcel/watcher-linux-arm-glibc": "2.5.1", "@parcel/watcher-linux-arm-musl": "2.5.1", "@parcel/watcher-linux-arm64-glibc": "2.5.1", "@parcel/watcher-linux-arm64-musl": "2.5.1", "@parcel/watcher-linux-x64-glibc": "2.5.1", "@parcel/watcher-linux-x64-musl": "2.5.1", "@parcel/watcher-win32-arm64": "2.5.1", "@parcel/watcher-win32-ia32": "2.5.1", "@parcel/watcher-win32-x64": "2.5.1" } }, "sha512-dfUnCxiN9H4ap84DvD2ubjw+3vUNpstxa0TneY/Paat8a3R4uQZDLSvWjmznAY/DoahqTHl9V46HF/Zs3F29pg=="],

    "@parcel/watcher-android-arm64": ["@parcel/watcher-android-arm64@2.5.1", "", { "os": "android", "cpu": "arm64" }, "sha512-KF8+j9nNbUN8vzOFDpRMsaKBHZ/mcjEjMToVMJOhTozkDonQFFrRcfdLWn6yWKCmJKmdVxSgHiYvTCef4/qcBA=="],

    "@parcel/watcher-darwin-arm64": ["@parcel/watcher-darwin-arm64@2.5.1", "", { "os": "darwin", "cpu": "arm64" }, "sha512-eAzPv5osDmZyBhou8PoF4i6RQXAfeKL9tjb3QzYuccXFMQU0ruIc/POh30ePnaOyD1UXdlKguHBmsTs53tVoPw=="],

    "@parcel/watcher-darwin-x64": ["@parcel/watcher-darwin-x64@2.5.1", "", { "os": "darwin", "cpu": "x64" }, "sha512-1ZXDthrnNmwv10A0/3AJNZ9JGlzrF82i3gNQcWOzd7nJ8aj+ILyW1MTxVk35Db0u91oD5Nlk9MBiujMlwmeXZg=="],

    "@parcel/watcher-freebsd-x64": ["@parcel/watcher-freebsd-x64@2.5.1", "", { "os": "freebsd", "cpu": "x64" }, "sha512-SI4eljM7Flp9yPuKi8W0ird8TI/JK6CSxju3NojVI6BjHsTyK7zxA9urjVjEKJ5MBYC+bLmMcbAWlZ+rFkLpJQ=="],

    "@parcel/watcher-linux-arm-glibc": ["@parcel/watcher-linux-arm-glibc@2.5.1", "", { "os": "linux", "cpu": "arm" }, "sha512-RCdZlEyTs8geyBkkcnPWvtXLY44BCeZKmGYRtSgtwwnHR4dxfHRG3gR99XdMEdQ7KeiDdasJwwvNSF5jKtDwdA=="],

    "@parcel/watcher-linux-arm-musl": ["@parcel/watcher-linux-arm-musl@2.5.1", "", { "os": "linux", "cpu": "arm" }, "sha512-6E+m/Mm1t1yhB8X412stiKFG3XykmgdIOqhjWj+VL8oHkKABfu/gjFj8DvLrYVHSBNC+/u5PeNrujiSQ1zwd1Q=="],

    "@parcel/watcher-linux-arm64-glibc": ["@parcel/watcher-linux-arm64-glibc@2.5.1", "", { "os": "linux", "cpu": "arm64" }, "sha512-LrGp+f02yU3BN9A+DGuY3v3bmnFUggAITBGriZHUREfNEzZh/GO06FF5u2kx8x+GBEUYfyTGamol4j3m9ANe8w=="],

    "@parcel/watcher-linux-arm64-musl": ["@parcel/watcher-linux-arm64-musl@2.5.1", "", { "os": "linux", "cpu": "arm64" }, "sha512-cFOjABi92pMYRXS7AcQv9/M1YuKRw8SZniCDw0ssQb/noPkRzA+HBDkwmyOJYp5wXcsTrhxO0zq1U11cK9jsFg=="],

    "@parcel/watcher-linux-x64-glibc": ["@parcel/watcher-linux-x64-glibc@2.5.1", "", { "os": "linux", "cpu": "x64" }, "sha512-GcESn8NZySmfwlTsIur+49yDqSny2IhPeZfXunQi48DMugKeZ7uy1FX83pO0X22sHntJ4Ub+9k34XQCX+oHt2A=="],

    "@parcel/watcher-linux-x64-musl": ["@parcel/watcher-linux-x64-musl@2.5.1", "", { "os": "linux", "cpu": "x64" }, "sha512-n0E2EQbatQ3bXhcH2D1XIAANAcTZkQICBPVaxMeaCVBtOpBZpWJuf7LwyWPSBDITb7In8mqQgJ7gH8CILCURXg=="],

    "@parcel/watcher-win32-arm64": ["@parcel/watcher-win32-arm64@2.5.1", "", { "os": "win32", "cpu": "arm64" }, "sha512-RFzklRvmc3PkjKjry3hLF9wD7ppR4AKcWNzH7kXR7GUe0Igb3Nz8fyPwtZCSquGrhU5HhUNDr/mKBqj7tqA2Vw=="],

    "@parcel/watcher-win32-ia32": ["@parcel/watcher-win32-ia32@2.5.1", "", { "os": "win32", "cpu": "ia32" }, "sha512-c2KkcVN+NJmuA7CGlaGD1qJh1cLfDnQsHjE89E60vUEMlqduHGCdCLJCID5geFVM0dOtA3ZiIO8BoEQmzQVfpQ=="],

    "@parcel/watcher-win32-x64": ["@parcel/watcher-win32-x64@2.5.1", "", { "os": "win32", "cpu": "x64" }, "sha512-9lHBdJITeNR++EvSQVUcaZoWupyHfXe1jZvGZ06O/5MflPcuPLtEphScIBL+AiCWBO46tDSHzWyD0uDmmZqsgA=="],

    "@pinojs/redact": ["@pinojs/redact@0.4.0", "", {}, "sha512-k2ENnmBugE/rzQfEcdWHcCY+/FM3VLzH9cYEsbdsoqrvzAKRhUZeRNhAZvB8OitQJ1TBed3yqWtdjzS6wJKBwg=="],

    "@tailwindcss/cli": ["@tailwindcss/cli@4.3.3", "", { "dependencies": { "@parcel/watcher": "2.5.1", "@tailwindcss/node": "4.3.3", "@tailwindcss/oxide": "4.3.3", "enhanced-resolve": "^5.24.1", "mri": "^1.2.0", "picocolors": "^1.1.1", "tailwindcss": "4.3.3" }, "bin": { "tailwindcss": "./dist/index.mjs" } }, "sha512-ZvS/n1ZHOBKcVlhkt8l5NNr1EDXk1NboYO5CYDOs6NUmvT9z6bzkwsosaJftY57T/3gWNzWMJzIXLodZC8ssdw=="],

    "@tailwindcss/node": ["@tailwindcss/node@4.3.3", "", { "dependencies": { "@jridgewell/remapping": "^2.3.5", "enhanced-resolve": "^5.24.1", "jiti": "^2.7.0", "lightningcss": "1.32.0", "magic-string": "^0.30.21", "source-map-js": "^1.2.1", "tailwindcss": "4.3.3" } }, "sha512-/T8IKEsf9VTU6tLjgC7+sv2mOPtQxzE2jMw7u4Tt40Tx+QSZxpzh95/H6cMKoja9XuW7iMdLJYBB0o9G1CaAgg=="],

    "@tailwindcss/oxide": ["@tailwindcss/oxide@4.3.3", "", { "optionalDependencies": { "@tailwindcss/oxide-android-arm64": "4.3.3", "@tailwindcss/oxide-darwin-arm64": "4.3.3", "@tailwindcss/oxide-darwin-x64": "4.3.3", "@tailwindcss/oxide-freebsd-x64": "4.3.3", "@tailwindcss/oxide-linux-arm-gnueabihf": "4.3.3", "@tailwindcss/oxide-linux-arm64-gnu": "4.3.3", "@tailwindcss/oxide-linux-arm64-musl": "4.3.3", "@tailwindcss/oxide-linux-x64-gnu": "4.3.3", "@tailwindcss/oxide-linux-x64-musl": "4.3.3", "@tailwindcss/oxide-wasm32-wasi": "4.3.3", "@tailwindcss/oxide-win32-arm64-msvc": "4.3.3", "@tailwindcss/oxide-win32-x64-msvc": "4.3.3" } }, "sha512-krXjAikiaFSPaK/FkAQT5UTx3VormQaiZ5hBFlJZ9UFQGB/rwg1MZIhHAG9smMQRTdyJxP6Qt5MwMtdyU5FWrA=="],

    "@tailwindcss/oxide-android-arm64": ["@tailwindcss/oxide-android-arm64@4.3.3", "", { "os": "android", "cpu": "arm64" }, "sha512-Y85A2gmPSkl5Ve5qR86GL4HT509cFqQh1aes9p3sSkyTPwt0Pppf3GkwGe4JPACcRYjgJIEhQgM6dBClnr0NYw=="],

    "@tailwindcss/oxide-darwin-arm64": ["@tailwindcss/oxide-darwin-arm64@4.3.3", "", { "os": "darwin", "cpu": "arm64" }, "sha512-BiaWatpBcERQFDlOjRDpIVXuFK5PJez5SA4JMg6VYZdBYU+qKfV/vqjcIs+IYmtitf1xYQZTwXvU/8y4lfZUGw=="],

    "@tailwindcss/oxide-darwin-x64": ["@tailwindcss/oxide-darwin-x64@4.3.3", "", { "os": "darwin", "cpu": "x64" }, "sha512-fAeUqfV5ndhxRwai8cXGzdLvul9utWOmeTkv69unv4ZXixjn61Z+p9lCWdwOwA3TYboG3BwdVuN/RDjhBRl0mw=="],

    "@tailwindcss/oxide-freebsd-x64": ["@tailwindcss/oxide-freebsd-x64@4.3.3", "", { "os": "freebsd", "cpu": "x64" }, "sha512-iyf5bV6+wnAlflVeEy7R25dupxTNECZN5QMI0qNT6eT+EgaGdZcKhGkr5SdoaWiLJ3spLqIY9VCeSGrwmtg4kw=="],

    "@tailwindcss/oxide-linux-arm-gnueabihf": ["@tailwindcss/oxide-linux-arm-gnueabihf@4.3.3", "", { "os": "linux", "cpu": "arm" }, "sha512-aAYUprJAJQWWbRrPvtjdroZ56Md+JM8pMiopS6xGEwDfLhqj+2ver2p4nU4Mb3CRqcMmNBjo8KkUgcxhkzVQGQ=="],

    "@tailwindcss/oxide-linux-arm64-gnu": ["@tailwindcss/oxide-linux-arm64-gnu@4.3.3", "", { "os": "linux", "cpu": "arm64" }, "sha512-nDxldcEENOxZRzC2uu9jrutZdAAQtb+8WWDCSnWL1zvBk1+FN+x6MtDViPB5AJMfttVCUhehGWus3XBPgatM/w=="],

    "@tailwindcss/oxide-linux-arm64-musl": ["@tailwindcss/oxide-linux-arm64-musl@4.3.3", "", { "os": "linux", "cpu": "arm64" }, "sha512-Md44bD6veX/PC5iyF8cDVnw4HBIANZepRZZ7a8DQOvkfo5WUBwcp6iAuCUz23u+4SUkhJlD3eL7hNdW8ezd/kA=="],

    "@tailwindcss/oxide-linux-x64-gnu": ["@tailwindcss/oxide-linux-x64-gnu@4.3.3", "", { "os": "linux", "cpu": "x64" }, "sha512-tx7us1muwOKAKWao2v/GaafFeQboE6aj88vC6ziN2NCGcRm8gWUhwjzg+YdVB1e4boAtdtma4L43onunI6NS4w=="],

    "@tailwindcss/oxide-linux-x64-musl": ["@tailwindcss/oxide-linux-x64-musl@4.3.3", "", { "os": "linux", "cpu": "x64" }, "sha512-SJxX60smvHgasZoBy11dX6YRjXJFovwWBoedhbQPOBzgFWBHGB+TVPWB9BxzR7TTxU8FQZAI2AyiNCMzFm8Img=="],

    "@tailwindcss/oxide-wasm32-wasi": ["@tailwindcss/oxide-wasm32-wasi@4.3.3", "", { "dependencies": { "@emnapi/core": "^1.11.1", "@emnapi/runtime": "^1.11.1", "@emnapi/wasi-threads": "^1.2.2", "@napi-rs/wasm-runtime": "^1.1.4", "@tybys/wasm-util": "^0.10.2", "tslib": "^2.8.1" }, "cpu": "none" }, "sha512-jx1+rPhY/5Ympkktd656HBWEBLxP7dH06losBLjjf5vgCODXvi9KhtftWcMIwTFIDqBr7cRnQkdLnAG+IOlGvQ=="],

    "@tailwindcss/oxide-win32-arm64-msvc": ["@tailwindcss/oxide-win32-arm64-msvc@4.3.3", "", { "os": "win32", "cpu": "arm64" }, "sha512-3rc292Ca2ceK6Ulcc/bAVnTs/3nDtoPhyEKlgPv+yQJQi/JS/AMJlqzxvlDacL1nekbrcf6bTqp/jV4qgnPxNQ=="],

    "@tailwindcss/oxide-win32-x64-msvc": ["@tailwindcss/oxide-win32-x64-msvc@4.3.3", "", { "os": "win32", "cpu": "x64" }, "sha512-yJ0pwIVc/nYeGoV02WtsN8KYyLQv7kyI2wDnkezyJlGGjkd4QLwDGAwl47YpPJeuI0M0ObaXGSPjvWDPeTPggw=="],

    "@types/bun": ["@types/bun@1.4.0", "", { "dependencies": { "bun-types": "1.4.0" } }, "sha512-K+lZULY23vRgK/CfTjFIV+tyifaNdSMlPh9j+6mQ/cLfpOznLyAuzgV/JQysyECpkBQLVMSyvjlr2fBUSA9wFQ=="],

    "@types/node": ["@types/node@26.0.0", "", { "dependencies": { "undici-types": "~8.3.0" } }, "sha512-vf2YFi1iY9lHGwNJMs01biZFbKJkrZR1T6/MlzjhJLPdntOHLhTrDSnSVcdtvjihi4VQNlrFRIxLsDBlQpAipA=="],

    "@types/react": ["@types/react@19.2.18", "", { "dependencies": { "csstype": "^3.2.2" } }, "sha512-AnzbBERsrLKtk2XSfTbYRLjQPdy116Sty4q+T+Bp3IC4l6jNBvreVPAHmpq9qhXQM7CXZPjLVmGMw9sy+hxQ3w=="],

    "@types/react-dom": ["@types/react-dom@19.2.5", "", { "peerDependencies": { "@types/react": "^19.2.0" } }, "sha512-fMPwH9v7r/pp43yUd2/Mbiex5KouJwwR3dzHkhLREUC6764VyDsqxhAxv6OFEYR1RhjOyD1naqba8ECDBe7ZQg=="],

    "atomic-sleep": ["atomic-sleep@1.0.0", "", {}, "sha512-kNOjDqAh7px0XWNI+4QbzoiR/nTkHAWNud2uvnJquD1/x5a7EQZMJT0AczqK0Qn67oY/TTQ1LbUKajZpp3I9tQ=="],

    "braces": ["braces@3.0.3", "", { "dependencies": { "fill-range": "^7.1.1" } }, "sha512-yQbXgO/OSZVD2IsiLlro+7Hf6Q18EJrKSEsdoMzKePKXct3gvD8oLcOQdIzGupr5Fj+EDe8gO/lxc1BzfMpxvA=="],

    "bun-types": ["bun-types@1.4.0", "", { "dependencies": { "@types/node": "*" } }, "sha512-iIKw23BspnQQYd3prITOBxeUsxBHnwzX6YJfGMuNOZzeNcMmVqzIIVGRm1l69ogaPQmb4wB6BN8mA5bE9YuC5Q=="],

    "csstype": ["csstype@3.2.3", "", {}, "sha512-z1HGKcYy2xA8AGQfwrn0PAy+PB7X/GSj3UVJW9qKyn43xWa+gl5nXmU4qqLMRzWVLFC8KusUX8T/0kCiOYpAIQ=="],

    "detect-libc": ["detect-libc@1.0.3", "", { "bin": { "detect-libc": "./bin/detect-libc.js" } }, "sha512-pGjwhsmsp4kL2RTz08wcOlGN83otlqHeD/Z5T8GXZB+/YcpQ/dgo+lbU8ZsGxV0HIvqqxo9l7mqYwyYMD9bKDg=="],

    "enhanced-resolve": ["enhanced-resolve@5.24.5", "", { "dependencies": { "graceful-fs": "^4.2.4", "tapable": "^2.3.3" } }, "sha512-L1l8TNvomm6UVW5B253AGxQagSQr+vGwhMlrrfRS2qmhx46AMpMVJKQYLvWYbysTMY8VoicOvzHzoHMbyzB+4A=="],

    "fill-range": ["fill-range@7.1.1", "", { "dependencies": { "to-regex-range": "^5.0.1" } }, "sha512-YsGpe3WHLK8ZYi4tWDg2Jy3ebRz2rXowDxnld4bkQB00cc/1Zw9AWnC0i9ztDJitivtQvaI9KaLyKrc+hBW0yg=="],

    "fsevents": ["fsevents@2.3.2", "", { "os": "darwin" }, "sha512-xiqMQR4xAeHTuB9uWm+fFRcIOgKBMiOBP+eXiyT7jsgVCq1bkVygt00oASowB7EdtpOHaaPgKt812P9ab+DDKA=="],

    "graceful-fs": ["graceful-fs@4.2.11", "", {}, "sha512-RbJ5/jmFcNNCcDV5o9eTnBLJ/HszWV0P73bc+Ff4nS/rJj+YaS6IGyiOL0VoBYX+l1Wrl3k63h/KrH+nhJ0XvQ=="],

    "hono": ["hono@4.13.5", "", {}, "sha512-O6+/eCYRkzzzy0rPWwKLiGBR1nFuUPZynnwjxN1MBA62NNqbT0wQEzQyK2gSO5yDIDB336sXQleAhOHrzlYyKw=="],

    "is-extglob": ["is-extglob@2.1.1", "", {}, "sha512-SbKbANkN603Vi4jEZv49LeVJMn4yGwsbzZworEoyEiutsN3nJYdbO36zfhGJ6QEDpOZIFkDtnq5JRxmvl3jsoQ=="],

    "is-glob": ["is-glob@4.0.3", "", { "dependencies": { "is-extglob": "^2.1.1" } }, "sha512-xelSayHH36ZgE7ZWhli7pW34hNbNl8Ojv5KVmkJD4hBdD3th8Tfk9vYasLM+mXWOZhFkgZfxhLSnrwRr4elSSg=="],

    "is-number": ["is-number@7.0.0", "", {}, "sha512-41Cifkg6e8TylSpdtTpeLVMqvSBEVzTttHvERD741+pnZ8ANv0004MRL43QKPDlK9cGvNp6NZWZUBlbGXYxxng=="],

    "jiti": ["jiti@2.7.0", "", { "bin": { "jiti": "lib/jiti-cli.mjs" } }, "sha512-AC/7JofJvZGrrneWNaEnJeOLUx+JlGt7tNa0wZiRPT4MY1wmfKjt2+6O2p2uz2+skll8OZZmJMNqeke7kKbNgQ=="],

    "lightningcss": ["lightningcss@1.32.0", "", { "dependencies": { "detect-libc": "^2.0.3" }, "optionalDependencies": { "lightningcss-android-arm64": "1.32.0", "lightningcss-darwin-arm64": "1.32.0", "lightningcss-darwin-x64": "1.32.0", "lightningcss-freebsd-x64": "1.32.0", "lightningcss-linux-arm-gnueabihf": "1.32.0", "lightningcss-linux-arm64-gnu": "1.32.0", "lightningcss-linux-arm64-musl": "1.32.0", "lightningcss-linux-x64-gnu": "1.32.0", "lightningcss-linux-x64-musl": "1.32.0", "lightningcss-win32-arm64-msvc": "1.32.0", "lightningcss-win32-x64-msvc": "1.32.0" } }, "sha512-NXYBzinNrblfraPGyrbPoD19C1h9lfI/1mzgWYvXUTe414Gz/X1FD2XBZSZM7rRTrMA8JL3OtAaGifrIKhQ5yQ=="],

    "lightningcss-android-arm64": ["lightningcss-android-arm64@1.32.0", "", { "os": "android", "cpu": "arm64" }, "sha512-YK7/ClTt4kAK0vo6w3X+Pnm0D2cf2vPHbhOXdoNti1Ga0al1P4TBZhwjATvjNwLEBCnKvjJc2jQgHXH0NEwlAg=="],

    "lightningcss-darwin-arm64": ["lightningcss-darwin-arm64@1.32.0", "", { "os": "darwin", "cpu": "arm64" }, "sha512-RzeG9Ju5bag2Bv1/lwlVJvBE3q6TtXskdZLLCyfg5pt+HLz9BqlICO7LZM7VHNTTn/5PRhHFBSjk5lc4cmscPQ=="],

    "lightningcss-darwin-x64": ["lightningcss-darwin-x64@1.32.0", "", { "os": "darwin", "cpu": "x64" }, "sha512-U+QsBp2m/s2wqpUYT/6wnlagdZbtZdndSmut/NJqlCcMLTWp5muCrID+K5UJ6jqD2BFshejCYXniPDbNh73V8w=="],

    "lightningcss-freebsd-x64": ["lightningcss-freebsd-x64@1.32.0", "", { "os": "freebsd", "cpu": "x64" }, "sha512-JCTigedEksZk3tHTTthnMdVfGf61Fky8Ji2E4YjUTEQX14xiy/lTzXnu1vwiZe3bYe0q+SpsSH/CTeDXK6WHig=="],

    "lightningcss-linux-arm-gnueabihf": ["lightningcss-linux-arm-gnueabihf@1.32.0", "", { "os": "linux", "cpu": "arm" }, "sha512-x6rnnpRa2GL0zQOkt6rts3YDPzduLpWvwAF6EMhXFVZXD4tPrBkEFqzGowzCsIWsPjqSK+tyNEODUBXeeVHSkw=="],

    "lightningcss-linux-arm64-gnu": ["lightningcss-linux-arm64-gnu@1.32.0", "", { "os": "linux", "cpu": "arm64" }, "sha512-0nnMyoyOLRJXfbMOilaSRcLH3Jw5z9HDNGfT/gwCPgaDjnx0i8w7vBzFLFR1f6CMLKF8gVbebmkUN3fa/kQJpQ=="],

    "lightningcss-linux-arm64-musl": ["lightningcss-linux-arm64-musl@1.32.0", "", { "os": "linux", "cpu": "arm64" }, "sha512-UpQkoenr4UJEzgVIYpI80lDFvRmPVg6oqboNHfoH4CQIfNA+HOrZ7Mo7KZP02dC6LjghPQJeBsvXhJod/wnIBg=="],

    "lightningcss-linux-x64-gnu": ["lightningcss-linux-x64-gnu@1.32.0", "", { "os": "linux", "cpu": "x64" }, "sha512-V7Qr52IhZmdKPVr+Vtw8o+WLsQJYCTd8loIfpDaMRWGUZfBOYEJeyJIkqGIDMZPwPx24pUMfwSxxI8phr/MbOA=="],

    "lightningcss-linux-x64-musl": ["lightningcss-linux-x64-musl@1.32.0", "", { "os": "linux", "cpu": "x64" }, "sha512-bYcLp+Vb0awsiXg/80uCRezCYHNg1/l3mt0gzHnWV9XP1W5sKa5/TCdGWaR/zBM2PeF/HbsQv/j2URNOiVuxWg=="],

    "lightningcss-win32-arm64-msvc": ["lightningcss-win32-arm64-msvc@1.32.0", "", { "os": "win32", "cpu": "arm64" }, "sha512-8SbC8BR40pS6baCM8sbtYDSwEVQd4JlFTOlaD3gWGHfThTcABnNDBda6eTZeqbofalIJhFx0qKzgHJmcPTnGdw=="],

    "lightningcss-win32-x64-msvc": ["lightningcss-win32-x64-msvc@1.32.0", "", { "os": "win32", "cpu": "x64" }, "sha512-Amq9B/SoZYdDi1kFrojnoqPLxYhQ4Wo5XiL8EVJrVsB8ARoC1PWW6VGtT0WKCemjy8aC+louJnjS7U18x3b06Q=="],

    "magic-string": ["magic-string@0.30.21", "", { "dependencies": { "@jridgewell/sourcemap-codec": "^1.5.5" } }, "sha512-vd2F4YUyEXKGcLHoq+TEyCjxueSeHnFxyyjNp80yg0XV4vUhnDer/lvvlqM/arB5bXQN5K2/3oinyCRyx8T2CQ=="],

    "micromatch": ["micromatch@4.0.8", "", { "dependencies": { "braces": "^3.0.3", "picomatch": "^2.3.1" } }, "sha512-PXwfBhYu0hBCPw8Dn0E+WDYb7af3dSLVWKi3HGv84IdF4TyFoC0ysxFd0Goxw7nSv4T/PzEJQxsYsEiFCKo2BA=="],

    "mri": ["mri@1.2.0", "", {}, "sha512-tzzskb3bG8LvYGFF/mDTpq3jpI6Q9wc3LEmBaghu+DdCssd1FakN7Bc0hVNmEyGq1bq3RgfkCb3cmQLpNPOroA=="],

    "node-addon-api": ["node-addon-api@7.1.1", "", {}, "sha512-5m3bsyrjFWE1xf7nz7YXdN4udnVtXK6/Yfgn5qnahL6bCkf2yKt4k3nuTKAtT4r3IG8JNR2ncsIMdZuAzJjHQQ=="],

    "on-exit-leak-free": ["on-exit-leak-free@2.1.2", "", {}, "sha512-0eJJY6hXLGf1udHwfNftBqH+g73EU4B504nZeKpz1sYRKafAghwxEJunB2O7rDZkL4PGfsMVnTXZ2EjibbqcsA=="],

    "oxfmt": ["oxfmt@0.66.0", "", { "dependencies": { "tinypool": "2.1.0" }, "optionalDependencies": { "@oxfmt/binding-android-arm-eabi": "0.66.0", "@oxfmt/binding-android-arm64": "0.66.0", "@oxfmt/binding-darwin-arm64": "0.66.0", "@oxfmt/binding-darwin-x64": "0.66.0", "@oxfmt/binding-freebsd-x64": "0.66.0", "@oxfmt/binding-linux-arm-gnueabihf": "0.66.0", "@oxfmt/binding-linux-arm-musleabihf": "0.66.0", "@oxfmt/binding-linux-arm64-gnu": "0.66.0", "@oxfmt/binding-linux-arm64-musl": "0.66.0", "@oxfmt/binding-linux-ppc64-gnu": "0.66.0", "@oxfmt/binding-linux-riscv64-gnu": "0.66.0", "@oxfmt/binding-linux-riscv64-musl": "0.66.0", "@oxfmt/binding-linux-s390x-gnu": "0.66.0", "@oxfmt/binding-linux-x64-gnu": "0.66.0", "@oxfmt/binding-linux-x64-musl": "0.66.0", "@oxfmt/binding-openharmony-arm64": "0.66.0", "@oxfmt/binding-win32-arm64-msvc": "0.66.0", "@oxfmt/binding-win32-ia32-msvc": "0.66.0", "@oxfmt/binding-win32-x64-msvc": "0.66.0" }, "peerDependencies": { "svelte": "^5.0.0", "vite-plus": "*" }, "optionalPeers": ["svelte", "vite-plus"], "bin": { "oxfmt": "bin/oxfmt" } }, "sha512-FfvqR8RFtV6JJpRrpkfqyVCQ7HDvZ/VriWFx7veftCgL1B5ZO9qNr+1rvPieycMQnNfVG0PWyJQiy7p0hq1I5w=="],

    "oxlint": ["oxlint@1.81.0", "", { "optionalDependencies": { "@oxlint/binding-android-arm-eabi": "1.81.0", "@oxlint/binding-android-arm64": "1.81.0", "@oxlint/binding-darwin-arm64": "1.81.0", "@oxlint/binding-darwin-x64": "1.81.0", "@oxlint/binding-freebsd-x64": "1.81.0", "@oxlint/binding-linux-arm-gnueabihf": "1.81.0", "@oxlint/binding-linux-arm-musleabihf": "1.81.0", "@oxlint/binding-linux-arm64-gnu": "1.81.0", "@oxlint/binding-linux-arm64-musl": "1.81.0", "@oxlint/binding-linux-ppc64-gnu": "1.81.0", "@oxlint/binding-linux-riscv64-gnu": "1.81.0", "@oxlint/binding-linux-riscv64-musl": "1.81.0", "@oxlint/binding-linux-s390x-gnu": "1.81.0", "@oxlint/binding-linux-x64-gnu": "1.81.0", "@oxlint/binding-linux-x64-musl": "1.81.0", "@oxlint/binding-openharmony-arm64": "1.81.0", "@oxlint/binding-win32-arm64-msvc": "1.81.0", "@oxlint/binding-win32-ia32-msvc": "1.81.0", "@oxlint/binding-win32-x64-msvc": "1.81.0" }, "peerDependencies": { "oxlint-tsgolint": ">=7.0.2001", "vite-plus": "*" }, "optionalPeers": ["oxlint-tsgolint", "vite-plus"], "bin": { "oxlint": "bin/oxlint" } }, "sha512-HyrJYqeoOCL0iqaLEzGewGT48ZX99P3hxYh8udAF9RGGIghSamkXE4ClUyBpEDNqasamThgmlPbuMOe7SAZmHg=="],

    "picocolors": ["picocolors@1.1.1", "", {}, "sha512-xceH2snhtb5M9liqDsmEw56le376mTZkEX/jEb/RxNFyegNul7eNslCXP9FDj/Lcu0X8KEyMceP2ntpaHrDEVA=="],

    "picomatch": ["picomatch@2.3.2", "", {}, "sha512-V7+vQEJ06Z+c5tSye8S+nHUfI51xoXIXjHQ99cQtKUkQqqO1kO/KCJUfZXuB47h/YBlDhah2H3hdUGXn8ie0oA=="],

    "pino": ["pino@10.3.1", "", { "dependencies": { "@pinojs/redact": "^0.4.0", "atomic-sleep": "^1.0.0", "on-exit-leak-free": "^2.1.0", "pino-abstract-transport": "^3.0.0", "pino-std-serializers": "^7.0.0", "process-warning": "^5.0.0", "quick-format-unescaped": "^4.0.3", "real-require": "^0.2.0", "safe-stable-stringify": "^2.3.1", "sonic-boom": "^4.0.1", "thread-stream": "^4.0.0" }, "bin": { "pino": "bin.js" } }, "sha512-r34yH/GlQpKZbU1BvFFqOjhISRo1MNx1tWYsYvmj6KIRHSPMT2+yHOEb1SG6NMvRoHRF0a07kCOox/9yakl1vg=="],

    "pino-abstract-transport": ["pino-abstract-transport@3.0.0", "", { "dependencies": { "split2": "^4.0.0" } }, "sha512-wlfUczU+n7Hy/Ha5j9a/gZNy7We5+cXp8YL+X+PG8S0KXxw7n/JXA3c46Y0zQznIJ83URJiwy7Lh56WLokNuxg=="],

    "pino-std-serializers": ["pino-std-serializers@7.1.0", "", {}, "sha512-BndPH67/JxGExRgiX1dX0w1FvZck5Wa4aal9198SrRhZjH3GxKQUKIBnYJTdj2HDN3UQAS06HlfcSbQj2OHmaw=="],

    "playwright": ["playwright@1.62.1", "", { "dependencies": { "playwright-core": "1.62.1" }, "optionalDependencies": { "fsevents": "2.3.2" }, "bin": { "playwright": "cli.js" } }, "sha512-0M+L3LAD8/nm554LOla9Ayx0j0tmFZ0FBcoQ7F1VuVHpM/XpiC8RcDzBQB8W5+hA8L22THxELzeF+2WcUzvcLg=="],

    "playwright-core": ["playwright-core@1.62.1", "", { "bin": { "playwright-core": "cli.js" } }, "sha512-wPYSwEBJY9GHraISXqyqtx0na0LpO3XEX7jNDhntbex7tzUS7kLnZsOlFruFJB4Hi/rhDMjXGqHewDZ68nYZVw=="],

    "process-warning": ["process-warning@5.0.0", "", {}, "sha512-a39t9ApHNx2L4+HBnQKqxxHNs1r7KF+Intd8Q/g1bUh6q0WIp9voPXJ/x0j+ZL45KF1pJd9+q2jLIRMfvEshkA=="],

    "quick-format-unescaped": ["quick-format-unescaped@4.0.4", "", {}, "sha512-tYC1Q1hgyRuHgloV/YXs2w15unPVh8qfu/qCTfhTYamaw7fyhumKa2yGpdSo87vY32rIclj+4fWYQXUMs9EHvg=="],

    "react": ["react@19.2.8", "", {}, "sha512-PWaYA1L/q9u2u7xYQi+Y3L3Yfnie7XyLeaJICV1MGD6LprsBxcAqGjYyr0eY3p+QdsA+x/Irkt4Qif8D63+Sbw=="],

    "react-dom": ["react-dom@19.2.8", "", { "dependencies": { "scheduler": "^0.27.0" }, "peerDependencies": { "react": "^19.2.8" } }, "sha512-rVprimfGBG3DR+Tq0IQG2DT5PxKth1WIGDmj5yPmlzr4YBe7uyE+Du4oVqTDXZSHGGGXRtTJEGSSePyQCMBglQ=="],

    "real-require": ["real-require@0.2.0", "", {}, "sha512-57frrGM/OCTLqLOAh0mhVA9VBMHd+9U7Zb2THMGdBUoZVOtGbJzjxsYGDJ3A9AYYCP4hn6y1TVbaOfzWtm5GFg=="],

    "safe-stable-stringify": ["safe-stable-stringify@2.5.0", "", {}, "sha512-b3rppTKm9T+PsVCBEOUR46GWI7fdOs00VKZ1+9c1EWDaDMvjQc6tUwuFyIprgGgTcWoVHSKrU8H31ZHA2e0RHA=="],

    "scheduler": ["scheduler@0.27.0", "", {}, "sha512-eNv+WrVbKu1f3vbYJT/xtiF5syA5HPIMtf9IgY/nKg0sWqzAUEvqY/xm7OcZc/qafLx/iO9FgOmeSAp4v5ti/Q=="],

    "sonic-boom": ["sonic-boom@4.2.1", "", { "dependencies": { "atomic-sleep": "^1.0.0" } }, "sha512-w6AxtubXa2wTXAUsZMMWERrsIRAdrK0Sc+FUytWvYAhBJLyuI4llrMIC1DtlNSdI99EI86KZum2MMq3EAZlF9Q=="],

    "source-map-js": ["source-map-js@1.2.1", "", {}, "sha512-UXWMKhLOwVKb728IUtQPXxfYU+usdybtUrK/8uGE8CQMvrhOpwvzDBwj0QhSL7MQc7vIsISBG8VQ8+IDQxpfQA=="],

    "split2": ["split2@4.2.0", "", {}, "sha512-UcjcJOWknrNkF6PLX83qcHM6KHgVKNkV62Y8a5uYDVv9ydGQVwAHMKqHdJje1VTWpljG0WYpCDhrCdAOYH4TWg=="],

    "tailwindcss": ["tailwindcss@4.3.3", "", {}, "sha512-gOhV3P7ufE62QDGg1zVaTgCR+EtPv92k2nIhVcVKcLmxT1sUBsQGhnZj175j+MqRt4zLF7ic+sCYjfhxMxj7YQ=="],

    "tapable": ["tapable@2.3.3", "", {}, "sha512-uxc/zpqFg6x7C8vOE7lh6Lbda8eEL9zmVm/PLeTPBRhh1xCgdWaQ+J1CUieGpIfm2HdtsUpRv+HshiasBMcc6A=="],

    "thread-stream": ["thread-stream@4.2.0", "", { "dependencies": { "real-require": "^1.0.0" } }, "sha512-e2zZ96wSChazBsbENf/Pcm/4swHt2cEKQ92rhUjkL9GCKiTDJIaTBenjE/m9DXi0QBmTMDkFDdOomUy20A1tDQ=="],

    "tinypool": ["tinypool@2.1.0", "", {}, "sha512-Pugqs6M0m7Lv1I7FtxN4aoyToKg1C4tu+/381vH35y8oENM/Ai7f7C4StcoK4/+BSw9ebcS8jRiVrORFKCALLw=="],

    "to-regex-range": ["to-regex-range@5.0.1", "", { "dependencies": { "is-number": "^7.0.0" } }, "sha512-65P7iz6X5yEr1cwcgvQxbbIw7Uk3gOy5dIdtZ4rDveLqhrdJP+Li/Hx6tyK0NEb+2GCyneCMJiGqrADCSNk8sQ=="],

    "typescript": ["typescript@6.0.3", "", { "bin": { "tsc": "bin/tsc", "tsserver": "bin/tsserver" } }, "sha512-y2TvuxSZPDyQakkFRPZHKFm+KKVqIisdg9/CZwm9ftvKXLP8NRWj38/ODjNbr43SsoXqNuAisEf1GdCxqWcdBw=="],

    "undici-types": ["undici-types@8.3.0", "", {}, "sha512-j375ScV60dom+YkPFIfTLcOiPxkN/buHz5GobjLhixFuANaNs3C9l4GmrWqejgXWJ7BbJcFYpTEUkS1Ge8bpZQ=="],

    "yaml": ["yaml@2.9.0", "", { "bin": { "yaml": "bin.mjs" } }, "sha512-2AvhNX3mb8zd6Zy7INTtSpl1F15HW6Wnqj0srWlkKLcpYl/gMIMJiyuGq2KeI2YFxUPjdlB+3Lc10seMLtL4cA=="],

    "zod": ["zod@4.5.4", "", {}, "sha512-sC95tT5iHHH9gtpj6A81kh+NEaRAUFN+qlUPDUbRfOMvNf5QCBqsb3WgvnpVtK5Y+4UfA6KqufotuTvMGiTlsA=="],

    "@tailwindcss/oxide-wasm32-wasi/@emnapi/core": ["@emnapi/core@1.11.1", "", { "dependencies": { "@emnapi/wasi-threads": "1.2.2", "tslib": "^2.4.0" }, "bundled": true }, "sha512-RSvbQmHzdKzNsLYa/wHrbc3KN4sYLKAdPZxqiM2HATqv/SBk2/ENSHpvXGaLOMcsAyz0poEGqkmmKYG3OWiJEQ=="],

    "@tailwindcss/oxide-wasm32-wasi/@emnapi/runtime": ["@emnapi/runtime@1.11.1", "", { "dependencies": { "tslib": "^2.4.0" }, "bundled": true }, "sha512-vgj7R3y3Wgx24IQaGPA/R6YFXLHVMOZ0uVEyIQPaWs+rd1AzfEMXlAC22FYwO1XkKR6NPsq7mUandH8oIRdZFw=="],

    "@tailwindcss/oxide-wasm32-wasi/@emnapi/wasi-threads": ["@emnapi/wasi-threads@1.2.2", "", { "dependencies": { "tslib": "^2.4.0" }, "bundled": true }, "sha512-c95qOXkHdydNKhscBTebqEC1CVAZpyqOfVfBzQ1qgzyl3gfeldUjIggDbIZgDKsHLgnsM+igH7TJ/eAasaVuMA=="],

    "@tailwindcss/oxide-wasm32-wasi/@napi-rs/wasm-runtime": ["@napi-rs/wasm-runtime@1.1.6", "", { "dependencies": { "@tybys/wasm-util": "^0.10.3" }, "peerDependencies": { "@emnapi/core": "^1.7.1", "@emnapi/runtime": "^1.7.1" }, "bundled": true }, "sha512-ZLv/JdUfkvOy9eCnnBaGfiO+XimbjebAeO+MRQqD/B+FR1tnRN0tpKSJHRbE8sFfS6aqsXZ67TQjfwfsxULVbg=="],

    "@tailwindcss/oxide-wasm32-wasi/@tybys/wasm-util": ["@tybys/wasm-util@0.10.3", "", { "dependencies": { "tslib": "^2.4.0" }, "bundled": true }, "sha512-F3fo1MYrRJYL3zER0OUOmkutjr1Vp23m7OsSgp7nq4SP6OqX6C/56XFIPAl5bt3zaBRjmW7SGz3u/6LwFpYcOg=="],

    "@tailwindcss/oxide-wasm32-wasi/tslib": ["tslib@2.8.1", "", { "bundled": true }, "sha512-oJFu94HQb+KVduSUQL7wnpmqnfmLsOA/nAh6b6EH0wCEoK0/mPeXU6c3wKDV83MkOuHPRHtSXKKU99IBazS/2w=="],

    "lightningcss/detect-libc": ["detect-libc@2.1.2", "", {}, "sha512-Btj2BOOO83o3WyH59e8MgXsxEQVcarkUOpEYrubB0urwnN10yQ364rsiByU11nZlqWYZm05i/of7io4mzihBtQ=="],

    "thread-stream/real-require": ["real-require@1.0.0", "", {}, "sha512-P4nbQYQfePJxRSmY+v/KINxVucm4NF3p3s7pJveMTtom52FR4YGltUQLB8idDXwDDWW+eYrWDFbuzUnjoWHF7g=="],
  }
}
